{
  "name": "schedule-me",
  "version": "0.1.0",
  "lockfileVersion": 1,
  "requires": true,
  "dependencies": {
    "@firebase/app-types": {
      "version": "0.6.0",
      "resolved": "https://registry.npmjs.org/@firebase/app-types/-/app-types-0.6.0.tgz",
      "integrity": "sha512-ld6rzjXk/SUauHiQZJkeuSJpxIZ5wdnWuF5fWBFQNPaxsaJ9kyYg9GqEvwZ1z2e6JP5cU9gwRBlfW1WkGtGDYA=="
    },
    "@firebase/auth-interop-types": {
      "version": "0.1.4",
      "resolved": "https://registry.npmjs.org/@firebase/auth-interop-types/-/auth-interop-types-0.1.4.tgz",
      "integrity": "sha512-CLKNS84KGAv5lRnHTQZFWoR11Ti7gIPFirDDXWek/fSU+TdYdnxJFR5XSD4OuGyzUYQ3Dq7aVj5teiRdyBl9hA=="
    },
    "@firebase/component": {
      "version": "0.1.10",
      "resolved": "https://registry.npmjs.org/@firebase/component/-/component-0.1.10.tgz",
      "integrity": "sha512-Iy1+f8wp6mROz19oxWUd31NxMlGxtW1IInGHITnVa6eZtXOg0lxcbgYeLp9W3PKzvvNfshHU0obDkcMY97zRAw==",
      "requires": {
        "@firebase/util": "0.2.45",
        "tslib": "1.11.1"
      }
    },
    "@firebase/database": {
      "version": "0.6.1",
      "resolved": "https://registry.npmjs.org/@firebase/database/-/database-0.6.1.tgz",
      "integrity": "sha512-7XqUbj3nK2vEdFjGOXBfKISmpLrM0caIwwfDPxhn6i7X/g6AIH+D1limH+Jit4QeKMh/IJZDNqO7P+Fz+e8q1Q==",
      "requires": {
        "@firebase/auth-interop-types": "0.1.4",
        "@firebase/component": "0.1.10",
        "@firebase/database-types": "0.5.0",
        "@firebase/logger": "0.2.2",
        "@firebase/util": "0.2.45",
        "faye-websocket": "0.11.3",
        "tslib": "1.11.1"
      }
    },
    "@firebase/database-types": {
      "version": "0.5.0",
      "resolved": "https://registry.npmjs.org/@firebase/database-types/-/database-types-0.5.0.tgz",
      "integrity": "sha512-6/W3frFznYOALtw2nrWVPK2ytgdl89CzTqVBHCCGf22wT6uKU63iDBo+Nw+7olFGpD15O0zwYalFIcMZ27tkew==",
      "requires": {
        "@firebase/app-types": "0.6.0"
      }
    },
    "@firebase/logger": {
      "version": "0.2.2",
      "resolved": "https://registry.npmjs.org/@firebase/logger/-/logger-0.2.2.tgz",
      "integrity": "sha512-MbEy17Ha1w/DlLtvxG89ScQ+0+yoElGKJ1nUCQHHLjeMNsRwd2wnUPOVCsZvtBzQp8Z0GaFmD4a2iG2v91lEbA=="
    },
    "@firebase/util": {
      "version": "0.2.45",
      "resolved": "https://registry.npmjs.org/@firebase/util/-/util-0.2.45.tgz",
      "integrity": "sha512-k3IqXaIgwlPg7m5lXmMUtkqA/p+LMFkFQIqBuDtdT0iyWB6kQDokyjw2Sgd3GoTybs6tWqUKFZupZpV6r73UHw==",
      "requires": {
        "tslib": "1.11.1"
      }
    },
    "faye-websocket": {
      "version": "0.11.3",
      "resolved": "https://registry.npmjs.org/faye-websocket/-/faye-websocket-0.11.3.tgz",
      "integrity": "sha512-D2y4bovYpzziGgbHYtGCMjlJM36vAl/y+xUyn1C+FVx8szd1E+86KwVw6XvYSzOP8iMpm1X0I4xJD+QtUb36OA==",
      "requires": {
        "websocket-driver": ">=0.5.1"
      }
    },
    "http-parser-js": {
      "version": "0.5.2",
      "resolved": "https://registry.npmjs.org/http-parser-js/-/http-parser-js-0.5.2.tgz",
      "integrity": "sha512-opCO9ASqg5Wy2FNo7A0sxy71yGbbkJJXLdgMK04Tcypw9jr2MgWbyubb0+WdmDmGnFflO7fRbqbaihh/ENDlRQ=="
    },
    "safe-buffer": {
      "version": "5.2.0",
      "resolved": "https://registry.npmjs.org/safe-buffer/-/safe-buffer-5.2.0.tgz",
      "integrity": "sha512-fZEwUGbVl7kouZs1jCdMLdt95hdIv0ZeHg6L7qPeciMZhZ+/gdesW4wgTARkrFWEpspjEATAzUGPG8N2jJiwbg=="
    },
    "tslib": {
      "version": "1.11.1",
      "resolved": "https://registry.npmjs.org/tslib/-/tslib-1.11.1.tgz",
      "integrity": "sha512-aZW88SY8kQbU7gpV19lN24LtXh/yD4ZZg6qieAJDDg+YBsJcSmLGK9QpnUjAKVG/xefmvJGd1WUmfpT/g6AJGA=="
    },
    "websocket-driver": {
      "version": "0.7.3",
      "resolved": "https://registry.npmjs.org/websocket-driver/-/websocket-driver-0.7.3.tgz",
      "integrity": "sha512-bpxWlvbbB459Mlipc5GBzzZwhoZgGEZLuqPaR0INBGnPAY1vdBX6hPnoFXiw+3yWxDuHyQjO2oXTMyS8A5haFg==",
      "requires": {
        "http-parser-js": ">=0.4.0 <0.4.11",
        "safe-buffer": ">=5.1.0",
        "websocket-extensions": ">=0.1.1"
      },
      "dependencies": {
        "http-parser-js": {
          "version": "0.4.10",
          "resolved": "https://registry.npmjs.org/http-parser-js/-/http-parser-js-0.4.10.tgz",
          "integrity": "sha1-ksnBN0w1CF912zWexWzCV8u5P6Q="
        }
      }
    },
    "websocket-extensions": {
      "version": "0.1.3",
      "resolved": "https://registry.npmjs.org/websocket-extensions/-/websocket-extensions-0.1.3.tgz",
      "integrity": "sha512-nqHUnMXmBzT0w570r2JpJxfiSD1IzoI+HGVdd3aZ0yNi3ngvQ4jv1dtHt5VGxfI2yj5yqImPhOK4vmIh2xMbGg=="
    }
  }
}
